
Microsoft Visual Studio Solution File, Format Version 12.00
# Visual Studio Version 17
VisualStudioVersion = 17.7.34221.43
MinimumVisualStudioVersion = 10.0.40219.1
Project("{FAE04EC0-301F-11D3-BF4B-00C04F79EFBC}") = "backupPRNG", "backupPRNG\backupPRNG.csproj", "{C95EDD62-EB73-4062-8833-26E53D304F64}"
EndProject
Global
	GlobalSection(SolutionConfigurationPlatforms) = preSolution
		Debug|Any CPU = Debug|Any CPU
		Release|Any CPU = Release|Any CPU
	EndGlobalSection
	GlobalSection(ProjectConfigurationPlatforms) = postSolution
		{C95EDD62-EB73-4062-8833-26E53D304F64}.Debug|Any CPU.ActiveCfg = Debug|Any CPU
		{C95EDD62-EB73-4062-8833-26E53D304F64}.Debug|Any CPU.Build.0 = Debug|Any CPU
		{C95EDD62-EB73-4062-8833-26E53D304F64}.Release|Any CPU.ActiveCfg = Release|Any CPU
		{C95EDD62-EB73-4062-8833-26E53D304F64}.Release|Any CPU.Build.0 = Release|Any CPU
	EndGlobalSection
	GlobalSection(SolutionProperties) = preSolution
		HideSolutionNode = FALSE
	EndGlobalSection
	GlobalSection(ExtensibilityGlobals) = postSolution
		SolutionGuid = {76FC5F04-478F-4298-A37A-29EC7FEE9DC1}
	EndGlobalSection
EndGlobal
